
Microsoft Visual Studio Solution File, Format Version 12.00
# Visual Studio Version 17
VisualStudioVersion = 17.3.32804.467
MinimumVisualStudioVersion = 10.0.40219.1
Project("{FAE04EC0-301F-11D3-BF4B-00C04F79EFBC}") = "DekanatPro", "DekanatPro\DekanatPro.csproj", "{C4861FC8-61D0-4430-899C-D975723D243F}"
EndProject
Project("{FAE04EC0-301F-11D3-BF4B-00C04F79EFBC}") = "Business_Logic", "Business_Logic\Business_Logic.csproj", "{D3BF9CD4-9B09-4ED6-9737-DA419ED79EC4}"
EndProject
Project("{FAE04EC0-301F-11D3-BF4B-00C04F79EFBC}") = "Model", "Model\Model.csproj", "{8F5E57DA-7CCD-4F4F-89A4-DC2B9AFCF368}"
EndProject
Global
	GlobalSection(SolutionConfigurationPlatforms) = preSolution
		Debug|Any CPU = Debug|Any CPU
		Release|Any CPU = Release|Any CPU
	EndGlobalSection
	GlobalSection(ProjectConfigurationPlatforms) = postSolution
		{C4861FC8-61D0-4430-899C-D975723D243F}.Debug|Any CPU.ActiveCfg = Debug|Any CPU
		{C4861FC8-61D0-4430-899C-D975723D243F}.Debug|Any CPU.Build.0 = Debug|Any CPU
		{C4861FC8-61D0-4430-899C-D975723D243F}.Release|Any CPU.ActiveCfg = Release|Any CPU
		{C4861FC8-61D0-4430-899C-D975723D243F}.Release|Any CPU.Build.0 = Release|Any CPU
		{D3BF9CD4-9B09-4ED6-9737-DA419ED79EC4}.Debug|Any CPU.ActiveCfg = Debug|Any CPU
		{D3BF9CD4-9B09-4ED6-9737-DA419ED79EC4}.Debug|Any CPU.Build.0 = Debug|Any CPU
		{D3BF9CD4-9B09-4ED6-9737-DA419ED79EC4}.Release|Any CPU.ActiveCfg = Release|Any CPU
		{D3BF9CD4-9B09-4ED6-9737-DA419ED79EC4}.Release|Any CPU.Build.0 = Release|Any CPU
		{8F5E57DA-7CCD-4F4F-89A4-DC2B9AFCF368}.Debug|Any CPU.ActiveCfg = Debug|Any CPU
		{8F5E57DA-7CCD-4F4F-89A4-DC2B9AFCF368}.Debug|Any CPU.Build.0 = Debug|Any CPU
		{8F5E57DA-7CCD-4F4F-89A4-DC2B9AFCF368}.Release|Any CPU.ActiveCfg = Release|Any CPU
		{8F5E57DA-7CCD-4F4F-89A4-DC2B9AFCF368}.Release|Any CPU.Build.0 = Release|Any CPU
	EndGlobalSection
	GlobalSection(SolutionProperties) = preSolution
		HideSolutionNode = FALSE
	EndGlobalSection
	GlobalSection(ExtensibilityGlobals) = postSolution
		SolutionGuid = {9FDAEC4D-5B13-4342-88E7-AD58870260DD}
	EndGlobalSection
EndGlobal
